
Microsoft Visual Studio Solution File, Format Version 12.00
# Visual Studio Version 16
VisualStudioVersion = 16.0.31702.278
MinimumVisualStudioVersion = 10.0.40219.1
Project("{9A19103F-16F7-4668-BE54-9A1E7A4F7556}") = "PL", "PRJ3_TelemedicinskEnhed\PL.csproj", "{60A1B6BB-345B-436C-BE09-F04F10CE735B}"
EndProject
Project("{FAE04EC0-301F-11D3-BF4B-00C04F79EFBC}") = "BLL", "BLL\BLL.csproj", "{7A2243FA-F949-4F28-A8FA-684697DD0F19}"
EndProject
Project("{FAE04EC0-301F-11D3-BF4B-00C04F79EFBC}") = "DAL", "DAL\DAL.csproj", "{409FE25D-BAD0-4C62-A012-629CA0910A8E}"
EndProject
Project("{FAE04EC0-301F-11D3-BF4B-00C04F79EFBC}") = "DTO", "DTO\DTO.csproj", "{07AA77B4-5717-46D7-A3CC-89B4FFB849E9}"
EndProject
Global
	GlobalSection(SolutionConfigurationPlatforms) = preSolution
		Debug|Any CPU = Debug|Any CPU
		Release|Any CPU = Release|Any CPU
	EndGlobalSection
	GlobalSection(ProjectConfigurationPlatforms) = postSolution
		{60A1B6BB-345B-436C-BE09-F04F10CE735B}.Debug|Any CPU.ActiveCfg = Debug|Any CPU
		{60A1B6BB-345B-436C-BE09-F04F10CE735B}.Debug|Any CPU.Build.0 = Debug|Any CPU
		{60A1B6BB-345B-436C-BE09-F04F10CE735B}.Release|Any CPU.ActiveCfg = Release|Any CPU
		{60A1B6BB-345B-436C-BE09-F04F10CE735B}.Release|Any CPU.Build.0 = Release|Any CPU
		{7A2243FA-F949-4F28-A8FA-684697DD0F19}.Debug|Any CPU.ActiveCfg = Debug|Any CPU
		{7A2243FA-F949-4F28-A8FA-684697DD0F19}.Debug|Any CPU.Build.0 = Debug|Any CPU
		{7A2243FA-F949-4F28-A8FA-684697DD0F19}.Release|Any CPU.ActiveCfg = Release|Any CPU
		{7A2243FA-F949-4F28-A8FA-684697DD0F19}.Release|Any CPU.Build.0 = Release|Any CPU
		{409FE25D-BAD0-4C62-A012-629CA0910A8E}.Debug|Any CPU.ActiveCfg = Debug|Any CPU
		{409FE25D-BAD0-4C62-A012-629CA0910A8E}.Debug|Any CPU.Build.0 = Debug|Any CPU
		{409FE25D-BAD0-4C62-A012-629CA0910A8E}.Release|Any CPU.ActiveCfg = Release|Any CPU
		{409FE25D-BAD0-4C62-A012-629CA0910A8E}.Release|Any CPU.Build.0 = Release|Any CPU
		{07AA77B4-5717-46D7-A3CC-89B4FFB849E9}.Debug|Any CPU.ActiveCfg = Debug|Any CPU
		{07AA77B4-5717-46D7-A3CC-89B4FFB849E9}.Debug|Any CPU.Build.0 = Debug|Any CPU
		{07AA77B4-5717-46D7-A3CC-89B4FFB849E9}.Release|Any CPU.ActiveCfg = Release|Any CPU
		{07AA77B4-5717-46D7-A3CC-89B4FFB849E9}.Release|Any CPU.Build.0 = Release|Any CPU
	EndGlobalSection
	GlobalSection(SolutionProperties) = preSolution
		HideSolutionNode = FALSE
	EndGlobalSection
	GlobalSection(ExtensibilityGlobals) = postSolution
		SolutionGuid = {BD43A570-DCBF-43A1-A3F6-F4FA90FEA1BC}
	EndGlobalSection
EndGlobal
